// !$*UTF8*$!
{
	archiveVersion = 1;
	classes = {
	};
	objectVersion = 50;
	objects = {

/* Begin PBXBuildFile section */
		C4348CC222EF51A1006E6957 /* AppDelegate.swift in Sources */ = {isa = PBXBuildFile; fileRef = C4348CC122EF51A1006E6957 /* AppDelegate.swift */; };
		C4348CC422EF51A1006E6957 /* HomeViewController.swift in Sources */ = {isa = PBXBuildFile; fileRef = C4348CC322EF51A1006E6957 /* HomeViewController.swift */; };
		C4348CC722EF51A1006E6957 /* Main.storyboard in Resources */ = {isa = PBXBuildFile; fileRef = C4348CC522EF51A1006E6957 /* Main.storyboard */; };
		C4348CC922EF51A3006E6957 /* Assets.xcassets in Resources */ = {isa = PBXBuildFile; fileRef = C4348CC822EF51A3006E6957 /* Assets.xcassets */; };
		C4348CCC22EF51A3006E6957 /* LaunchScreen.storyboard in Resources */ = {isa = PBXBuildFile; fileRef = C4348CCA22EF51A3006E6957 /* LaunchScreen.storyboard */; };
		C4348CD922EF5322006E6957 /* data.json in Resources */ = {isa = PBXBuildFile; fileRef = C4348CD822EF5322006E6957 /* data.json */; };
		C4348CDC22EF53BB006E6957 /* User.swift in Sources */ = {isa = PBXBuildFile; fileRef = C4348CDB22EF53BB006E6957 /* User.swift */; };
		C4348CDE22EF54FE006E6957 /* UserTableViewCell.swift in Sources */ = {isa = PBXBuildFile; fileRef = C4348CDD22EF54FE006E6957 /* UserTableViewCell.swift */; };
		C4348CE222EF5579006E6957 /* UIImageView+Extensions.swift in Sources */ = {isa = PBXBuildFile; fileRef = C4348CE122EF5579006E6957 /* UIImageView+Extensions.swift */; };
		C4348CE422EF59BC006E6957 /* CounterManager.swift in Sources */ = {isa = PBXBuildFile; fileRef = C4348CE322EF59BC006E6957 /* CounterManager.swift */; };
/* End PBXBuildFile section */

/* Begin PBXFileReference section */
		C4348CBE22EF51A1006E6957 /* KroonStudio.app */ = {isa = PBXFileReference; explicitFileType = wrapper.application; includeInIndex = 0; path = KroonStudio.app; sourceTree = BUILT_PRODUCTS_DIR; };
		C4348CC122EF51A1006E6957 /* AppDelegate.swift */ = {isa = PBXFileReference; lastKnownFileType = sourcecode.swift; path = AppDelegate.swift; sourceTree = "<group>"; };
		C4348CC322EF51A1006E6957 /* HomeViewController.swift */ = {isa = PBXFileReference; lastKnownFileType = sourcecode.swift; path = HomeViewController.swift; sourceTree = "<group>"; };
		C4348CC622EF51A1006E6957 /* Base */ = {isa = PBXFileReference; lastKnownFileType = file.storyboard; name = Base; path = Base.lproj/Main.storyboard; sourceTree = "<group>"; };
		C4348CC822EF51A3006E6957 /* Assets.xcassets */ = {isa = PBXFileReference; lastKnownFileType = folder.assetcatalog; path = Assets.xcassets; sourceTree = "<group>"; };
		C4348CCB22EF51A3006E6957 /* Base */ = {isa = PBXFileReference; lastKnownFileType = file.storyboard; name = Base; path = Base.lproj/LaunchScreen.storyboard; sourceTree = "<group>"; };
		C4348CCD22EF51A3006E6957 /* Info.plist */ = {isa = PBXFileReference; lastKnownFileType = text.plist.xml; path = Info.plist; sourceTree = "<group>"; };
		C4348CD822EF5322006E6957 /* data.json */ = {isa = PBXFileReference; fileEncoding = 4; lastKnownFileType = text.json; path = data.json; sourceTree = "<group>"; };
		C4348CDB22EF53BB006E6957 /* User.swift */ = {isa = PBXFileReference; lastKnownFileType = sourcecode.swift; path = User.swift; sourceTree = "<group>"; };
		C4348CDD22EF54FE006E6957 /* UserTableViewCell.swift */ = {isa = PBXFileReference; lastKnownFileType = sourcecode.swift; path = UserTableViewCell.swift; sourceTree = "<group>"; };
		C4348CE122EF5579006E6957 /* UIImageView+Extensions.swift */ = {isa = PBXFileReference; fileEncoding = 4; lastKnownFileType = sourcecode.swift; path = "UIImageView+Extensions.swift"; sourceTree = "<group>"; };
		C4348CE322EF59BC006E6957 /* CounterManager.swift */ = {isa = PBXFileReference; lastKnownFileType = sourcecode.swift; path = CounterManager.swift; sourceTree = "<group>"; };
/* End PBXFileReference section */

/* Begin PBXFrameworksBuildPhase section */
		C4348CBB22EF51A1006E6957 /* Frameworks */ = {
			isa = PBXFrameworksBuildPhase;
			buildActionMask = 2147483647;
			files = (
			);
			runOnlyForDeploymentPostprocessing = 0;
		};
/* End PBXFrameworksBuildPhase section */

/* Begin PBXGroup section */
		C4348CB522EF51A1006E6957 = {
			isa = PBXGroup;
			children = (
				C4348CC022EF51A1006E6957 /* KroonStudio */,
				C4348CBF22EF51A1006E6957 /* Products */,
			);
			sourceTree = "<group>";
		};
		C4348CBF22EF51A1006E6957 /* Products */ = {
			isa = PBXGroup;
			children = (
				C4348CBE22EF51A1006E6957 /* KroonStudio.app */,
			);
			name = Products;
			sourceTree = "<group>";
		};
		C4348CC022EF51A1006E6957 /* KroonStudio */ = {
			isa = PBXGroup;
			children = (
				C4348CDF22EF5579006E6957 /* Utilities */,
				C4348CDA22EF53AE006E6957 /* Models */,
				C4348CD522EF51CF006E6957 /* Storyboards */,
				C4348CD622EF5205006E6957 /* View Controllers */,
				C4348CD422EF51C0006E6957 /* Supporting Files */,
			);
			path = KroonStudio;
			sourceTree = "<group>";
		};
		C4348CD322EF51B5006E6957 /* Application Delegate */ = {
			isa = PBXGroup;
			children = (
				C4348CC122EF51A1006E6957 /* AppDelegate.swift */,
			);
			path = "Application Delegate";
			sourceTree = "<group>";
		};
		C4348CD422EF51C0006E6957 /* Supporting Files */ = {
			isa = PBXGroup;
			children = (
				C4348CD722EF522A006E6957 /* Resources */,
				C4348CD322EF51B5006E6957 /* Application Delegate */,
				C4348CC822EF51A3006E6957 /* Assets.xcassets */,
				C4348CCD22EF51A3006E6957 /* Info.plist */,
			);
			name = "Supporting Files";
			sourceTree = "<group>";
		};
		C4348CD522EF51CF006E6957 /* Storyboards */ = {
			isa = PBXGroup;
			children = (
				C4348CC522EF51A1006E6957 /* Main.storyboard */,
				C4348CCA22EF51A3006E6957 /* LaunchScreen.storyboard */,
			);
			path = Storyboards;
			sourceTree = "<group>";
		};
		C4348CD622EF5205006E6957 /* View Controllers */ = {
			isa = PBXGroup;
			children = (
				C4348CC322EF51A1006E6957 /* HomeViewController.swift */,
				C4348CDD22EF54FE006E6957 /* UserTableViewCell.swift */,
			);
			path = "View Controllers";
			sourceTree = "<group>";
		};
		C4348CD722EF522A006E6957 /* Resources */ = {
			isa = PBXGroup;
			children = (
				C4348CD822EF5322006E6957 /* data.json */,
			);
			path = Resources;
			sourceTree = "<group>";
		};
		C4348CDA22EF53AE006E6957 /* Models */ = {
			isa = PBXGroup;
			children = (
				C4348CDB22EF53BB006E6957 /* User.swift */,
			);
			path = Models;
			sourceTree = "<group>";
		};
		C4348CDF22EF5579006E6957 /* Utilities */ = {
			isa = PBXGroup;
			children = (
				C4348CE022EF5579006E6957 /* Extensions */,
				C4348CE322EF59BC006E6957 /* CounterManager.swift */,
			);
			path = Utilities;
			sourceTree = "<group>";
		};
		C4348CE022EF5579006E6957 /* Extensions */ = {
			isa = PBXGroup;
			children = (
				C4348CE122EF5579006E6957 /* UIImageView+Extensions.swift */,
			);
			path = Extensions;
			sourceTree = "<group>";
		};
/* End PBXGroup section */

/* Begin PBXNativeTarget section */
		C4348CBD22EF51A1006E6957 /* KroonStudio */ = {
			isa = PBXNativeTarget;
			buildConfigurationList = C4348CD022EF51A3006E6957 /* Build configuration list for PBXNativeTarget "KroonStudio" */;
			buildPhases = (
				C4348CBA22EF51A1006E6957 /* Sources */,
				C4348CBB22EF51A1006E6957 /* Frameworks */,
				C4348CBC22EF51A1006E6957 /* Resources */,
			);
			buildRules = (
			);
			dependencies = (
			);
			name = KroonStudio;
			productName = KroonStudio;
			productReference = C4348CBE22EF51A1006E6957 /* KroonStudio.app */;
			productType = "com.apple.product-type.application";
		};
/* End PBXNativeTarget section */

/* Begin PBXProject section */
		C4348CB622EF51A1006E6957 /* Project object */ = {
			isa = PBXProject;
			attributes = {
				LastSwiftUpdateCheck = 1030;
				LastUpgradeCheck = 1030;
				ORGANIZATIONNAME = "Kroon Studio";
				TargetAttributes = {
					C4348CBD22EF51A1006E6957 = {
						CreatedOnToolsVersion = 10.3;
					};
				};
			};
			buildConfigurationList = C4348CB922EF51A1006E6957 /* Build configuration list for PBXProject "KroonStudio" */;
			compatibilityVersion = "Xcode 9.3";
			developmentRegion = en;
			hasScannedForEncodings = 0;
			knownRegions = (
				en,
				Base,
			);
			mainGroup = C4348CB522EF51A1006E6957;
			productRefGroup = C4348CBF22EF51A1006E6957 /* Products */;
			projectDirPath = "";
			projectRoot = "";
			targets = (
				C4348CBD22EF51A1006E6957 /* KroonStudio */,
			);
		};
/* End PBXProject section */

/* Begin PBXResourcesBuildPhase section */
		C4348CBC22EF51A1006E6957 /* Resources */ = {
			isa = PBXResourcesBuildPhase;
			buildActionMask = 2147483647;
			files = (
				C4348CCC22EF51A3006E6957 /* LaunchScreen.storyboard in Resources */,
				C4348CC922EF51A3006E6957 /* Assets.xcassets in Resources */,
				C4348CC722EF51A1006E6957 /* Main.storyboard in Resources */,
				C4348CD922EF5322006E6957 /* data.json in Resources */,
			);
			runOnlyForDeploymentPostprocessing = 0;
		};
/* End PBXResourcesBuildPhase section */

/* Begin PBXSourcesBuildPhase section */
		C4348CBA22EF51A1006E6957 /* Sources */ = {
			isa = PBXSourcesBuildPhase;
			buildActionMask = 2147483647;
			files = (
				C4348CE222EF5579006E6957 /* UIImageView+Extensions.swift in Sources */,
				C4348CDE22EF54FE006E6957 /* UserTableViewCell.swift in Sources */,
				C4348CC422EF51A1006E6957 /* HomeViewController.swift in Sources */,
				C4348CC222EF51A1006E6957 /* AppDelegate.swift in Sources */,
				C4348CE422EF59BC006E6957 /* CounterManager.swift in Sources */,
				C4348CDC22EF53BB006E6957 /* User.swift in Sources */,
			);
			runOnlyForDeploymentPostprocessing = 0;
		};
/* End PBXSourcesBuildPhase section */

/* Begin PBXVariantGroup section */
		C4348CC522EF51A1006E6957 /* Main.storyboard */ = {
			isa = PBXVariantGroup;
			children = (
				C4348CC622EF51A1006E6957 /* Base */,
			);
			name = Main.storyboard;
			sourceTree = "<group>";
		};
		C4348CCA22EF51A3006E6957 /* LaunchScreen.storyboard */ = {
			isa = PBXVariantGroup;
			children = (
				C4348CCB22EF51A3006E6957 /* Base */,
			);
			name = LaunchScreen.storyboard;
			sourceTree = "<group>";
		};
/* End PBXVariantGroup section */

/* Begin XCBuildConfiguration section */
		C4348CCE22EF51A3006E6957 /* Debug */ = {
			isa = XCBuildConfiguration;
			buildSettings = {
				ALWAYS_SEARCH_USER_PATHS = NO;
				CLANG_ANALYZER_NONNULL = YES;
				CLANG_ANALYZER_NUMBER_OBJECT_CONVERSION = YES_AGGRESSIVE;
				CLANG_CXX_LANGUAGE_STANDARD = "gnu++14";
				CLANG_CXX_LIBRARY = "libc++";
				CLANG_ENABLE_MODULES = YES;
				CLANG_ENABLE_OBJC_ARC = YES;
				CLANG_ENABLE_OBJC_WEAK = YES;
				CLANG_WARN_BLOCK_CAPTURE_AUTORELEASING = YES;
				CLANG_WARN_BOOL_CONVERSION = YES;
				CLANG_WARN_COMMA = YES;
				CLANG_WARN_CONSTANT_CONVERSION = YES;
				CLANG_WARN_DEPRECATED_OBJC_IMPLEMENTATIONS = YES;
				CLANG_WARN_DIRECT_OBJC_ISA_USAGE = YES_ERROR;
				CLANG_WARN_DOCUMENTATION_COMMENTS = YES;
				CLANG_WARN_EMPTY_BODY = YES;
				CLANG_WARN_ENUM_CONVERSION = YES;
				CLANG_WARN_INFINITE_RECURSION = YES;
				CLANG_WARN_INT_CONVERSION = YES;
				CLANG_WARN_NON_LITERAL_NULL_CONVERSION = YES;
				CLANG_WARN_OBJC_IMPLICIT_RETAIN_SELF = YES;
				CLANG_WARN_OBJC_LITERAL_CONVERSION = YES;
				CLANG_WARN_OBJC_ROOT_CLASS = YES_ERROR;
				CLANG_WARN_RANGE_LOOP_ANALYSIS = YES;
				CLANG_WARN_STRICT_PROTOTYPES = YES;
				CLANG_WARN_SUSPICIOUS_MOVE = YES;
				CLANG_WARN_UNGUARDED_AVAILABILITY = YES_AGGRESSIVE;
				CLANG_WARN_UNREACHABLE_CODE = YES;
				CLANG_WARN__DUPLICATE_METHOD_MATCH = YES;
				CODE_SIGN_IDENTITY = "iPhone Developer";
				COPY_PHASE_STRIP = NO;
				DEBUG_INFORMATION_FORMAT = dwarf;
				ENABLE_STRICT_OBJC_MSGSEND = YES;
				ENABLE_TESTABILITY = YES;
				GCC_C_LANGUAGE_STANDARD = gnu11;
				GCC_DYNAMIC_NO_PIC = NO;
				GCC_NO_COMMON_BLOCKS = YES;
				GCC_OPTIMIZATION_LEVEL = 0;
				GCC_PREPROCESSOR_DEFINITIONS = (
					"DEBUG=1",
					"$(inherited)",
				);
				GCC_WARN_64_TO_32_BIT_CONVERSION = YES;
				GCC_WARN_ABOUT_RETURN_TYPE = YES_ERROR;
				GCC_WARN_UNDECLARED_SELECTOR = YES;
				GCC_WARN_UNINITIALIZED_AUTOS = YES_AGGRESSIVE;
				GCC_WARN_UNUSED_FUNCTION = YES;
				GCC_WARN_UNUSED_VARIABLE = YES;
				IPHONEOS_DEPLOYMENT_TARGET = 12.4;
				MTL_ENABLE_DEBUG_INFO = INCLUDE_SOURCE;
				MTL_FAST_MATH = YES;
				ONLY_ACTIVE_ARCH = YES;
				SDKROOT = iphoneos;
				SWIFT_ACTIVE_COMPILATION_CONDITIONS = DEBUG;
				SWIFT_OPTIMIZATION_LEVEL = "-Onone";
			};
			name = Debug;
		};
		C4348CCF22EF51A3006E6957 /* Release */ = {
			isa = XCBuildConfiguration;
			buildSettings = {
				ALWAYS_SEARCH_USER_PATHS = NO;
				CLANG_ANALYZER_NONNULL = YES;
				CLANG_ANALYZER_NUMBER_OBJECT_CONVERSION = YES_AGGRESSIVE;
				CLANG_CXX_LANGUAGE_STANDARD = "gnu++14";
				CLANG_CXX_LIBRARY = "libc++";
				CLANG_ENABLE_MODULES = YES;
				CLANG_ENABLE_OBJC_ARC = YES;
				CLANG_ENABLE_OBJC_WEAK = YES;
				CLANG_WARN_BLOCK_CAPTURE_AUTORELEASING = YES;
				CLANG_WARN_BOOL_CONVERSION = YES;
				CLANG_WARN_COMMA = YES;
				CLANG_WARN_CONSTANT_CONVERSION = YES;
				CLANG_WARN_DEPRECATED_OBJC_IMPLEMENTATIONS = YES;
				CLANG_WARN_DIRECT_OBJC_ISA_USAGE = YES_ERROR;
				CLANG_WARN_DOCUMENTATION_COMMENTS = YES;
				CLANG_WARN_EMPTY_BODY = YES;
				CLANG_WARN_ENUM_CONVERSION = YES;
				CLANG_WARN_INFINITE_RECURSION = YES;
				CLANG_WARN_INT_CONVERSION = YES;
				CLANG_WARN_NON_LITERAL_NULL_CONVERSION = YES;
				CLANG_WARN_OBJC_IMPLICIT_RETAIN_SELF = YES;
				CLANG_WARN_OBJC_LITERAL_CONVERSION = YES;
				CLANG_WARN_OBJC_ROOT_CLASS = YES_ERROR;
				CLANG_WARN_RANGE_LOOP_ANALYSIS = YES;
				CLANG_WARN_STRICT_PROTOTYPES = YES;
				CLANG_WARN_SUSPICIOUS_MOVE = YES;
				CLANG_WARN_UNGUARDED_AVAILABILITY = YES_AGGRESSIVE;
				CLANG_WARN_UNREACHABLE_CODE = YES;
				CLANG_WARN__DUPLICATE_METHOD_MATCH = YES;
				CODE_SIGN_IDENTITY = "iPhone Developer";
				COPY_PHASE_STRIP = NO;
				DEBUG_INFORMATION_FORMAT = "dwarf-with-dsym";
				ENABLE_NS_ASSERTIONS = NO;
				ENABLE_STRICT_OBJC_MSGSEND = YES;
				GCC_C_LANGUAGE_STANDARD = gnu11;
				GCC_NO_COMMON_BLOCKS = YES;
				GCC_WARN_64_TO_32_BIT_CONVERSION = YES;
				GCC_WARN_ABOUT_RETURN_TYPE = YES_ERROR;
				GCC_WARN_UNDECLARED_SELECTOR = YES;
				GCC_WARN_UNINITIALIZED_AUTOS = YES_AGGRESSIVE;
				GCC_WARN_UNUSED_FUNCTION = YES;
				GCC_WARN_UNUSED_VARIABLE = YES;
				IPHONEOS_DEPLOYMENT_TARGET = 12.4;
				MTL_ENABLE_DEBUG_INFO = NO;
				MTL_FAST_MATH = YES;
				SDKROOT = iphoneos;
				SWIFT_COMPILATION_MODE = wholemodule;
				SWIFT_OPTIMIZATION_LEVEL = "-O";
				VALIDATE_PRODUCT = YES;
			};
			name = Release;
		};
		C4348CD122EF51A3006E6957 /* Debug */ = {
			isa = XCBuildConfiguration;
			buildSettings = {
				ASSETCATALOG_COMPILER_APPICON_NAME = AppIcon;
				CODE_SIGN_STYLE = Automatic;
				INFOPLIST_FILE = KroonStudio/Info.plist;
				LD_RUNPATH_SEARCH_PATHS = (
					"$(inherited)",
					"@executable_path/Frameworks",
				);
				PRODUCT_BUNDLE_IDENTIFIER = com.kroonstudio.KroonStudio;
				PRODUCT_NAME = "$(TARGET_NAME)";
				SWIFT_VERSION = 5.0;
				TARGETED_DEVICE_FAMILY = "1,2";
			};
			name = Debug;
		};
		C4348CD222EF51A3006E6957 /* Release */ = {
			isa = XCBuildConfiguration;
			buildSettings = {
				ASSETCATALOG_COMPILER_APPICON_NAME = AppIcon;
				CODE_SIGN_STYLE = Automatic;
				INFOPLIST_FILE = KroonStudio/Info.plist;
				LD_RUNPATH_SEARCH_PATHS = (
					"$(inherited)",
					"@executable_path/Frameworks",
				);
				PRODUCT_BUNDLE_IDENTIFIER = com.kroonstudio.KroonStudio;
				PRODUCT_NAME = "$(TARGET_NAME)";
				SWIFT_VERSION = 5.0;
				TARGETED_DEVICE_FAMILY = "1,2";
			};
			name = Release;
		};
/* End XCBuildConfiguration section */

/* Begin XCConfigurationList section */
		C4348CB922EF51A1006E6957 /* Build configuration list for PBXProject "KroonStudio" */ = {
			isa = XCConfigurationList;
			buildConfigurations = (
				C4348CCE22EF51A3006E6957 /* Debug */,
				C4348CCF22EF51A3006E6957 /* Release */,
			);
			defaultConfigurationIsVisible = 0;
			defaultConfigurationName = Release;
		};
		C4348CD022EF51A3006E6957 /* Build configuration list for PBXNativeTarget "KroonStudio" */ = {
			isa = XCConfigurationList;
			buildConfigurations = (
				C4348CD122EF51A3006E6957 /* Debug */,
				C4348CD222EF51A3006E6957 /* Release */,
			);
			defaultConfigurationIsVisible = 0;
			defaultConfigurationName = Release;
		};
/* End XCConfigurationList section */
	};
	rootObject = C4348CB622EF51A1006E6957 /* Project object */;
}
